
Microsoft Visual Studio Solution File, Format Version 12.00
# Visual Studio Version 17
VisualStudioVersion = 17.13.35919.96 d17.13
MinimumVisualStudioVersion = 10.0.40219.1
Project("{FAE04EC0-301F-11D3-BF4B-00C04F79EFBC}") = "Pruebas", "Pruebas\Pruebas.csproj", "{C1B45BF4-FD28-4224-B3EA-8728EDD06037}"
EndProject
Global
	GlobalSection(SolutionConfigurationPlatforms) = preSolution
		Debug|Any CPU = Debug|Any CPU
		Release|Any CPU = Release|Any CPU
	EndGlobalSection
	GlobalSection(ProjectConfigurationPlatforms) = postSolution
		{C1B45BF4-FD28-4224-B3EA-8728EDD06037}.Debug|Any CPU.ActiveCfg = Debug|Any CPU
		{C1B45BF4-FD28-4224-B3EA-8728EDD06037}.Debug|Any CPU.Build.0 = Debug|Any CPU
		{C1B45BF4-FD28-4224-B3EA-8728EDD06037}.Release|Any CPU.ActiveCfg = Release|Any CPU
		{C1B45BF4-FD28-4224-B3EA-8728EDD06037}.Release|Any CPU.Build.0 = Release|Any CPU
	EndGlobalSection
	GlobalSection(SolutionProperties) = preSolution
		HideSolutionNode = FALSE
	EndGlobalSection
	GlobalSection(ExtensibilityGlobals) = postSolution
		SolutionGuid = {800D6E4D-A286-4B71-A410-3331C5B6B09A}
	EndGlobalSection
EndGlobal
